
Microsoft Visual Studio Solution File, Format Version 12.00
# Visual Studio 2013
VisualStudioVersion = 12.0.21005.1
MinimumVisualStudioVersion = 10.0.40219.1
Project("{FAE04EC0-301F-11D3-BF4B-00C04F79EFBC}") = "SystemMngmt", "SystemMngmt\SystemMngmt.csproj", "{5989B314-57A2-426A-8C73-37EB4D12E18D}"
EndProject
Global
	GlobalSection(SolutionConfigurationPlatforms) = preSolution
		Debug|Any CPU = Debug|Any CPU
		Release|Any CPU = Release|Any CPU
	EndGlobalSection
	GlobalSection(ProjectConfigurationPlatforms) = postSolution
		{5989B314-57A2-426A-8C73-37EB4D12E18D}.Debug|Any CPU.ActiveCfg = Debug|Any CPU
		{5989B314-57A2-426A-8C73-37EB4D12E18D}.Debug|Any CPU.Build.0 = Debug|Any CPU
		{5989B314-57A2-426A-8C73-37EB4D12E18D}.Release|Any CPU.ActiveCfg = Release|Any CPU
		{5989B314-57A2-426A-8C73-37EB4D12E18D}.Release|Any CPU.Build.0 = Release|Any CPU
	EndGlobalSection
	GlobalSection(SolutionProperties) = preSolution
		HideSolutionNode = FALSE
	EndGlobalSection
EndGlobal
